{
  "name": "scooby_in_the_house",
  "lockfileVersion": 3,
  "requires": true,
  "packages": {
    "": {
      "dependencies": {
        "@tanstack/react-query": "^5.71.0"
      }
    },
    "node_modules/@tanstack/query-core": {
      "version": "5.71.0",
      "resolved": "https://registry.npmjs.org/@tanstack/query-core/-/query-core-5.71.0.tgz",
      "integrity": "sha512-p4+T7CIEe1kMhii4booWiw42nuaiYI9La/bRCNzBaj1P3PDb0dEZYDhc/7oBifKJfHYN+mtS1ynW1qsmzQW7Og==",
      "funding": {
        "type": "github",
        "url": "https://github.com/sponsors/tannerlinsley"
      }
    },
    "node_modules/@tanstack/react-query": {
      "version": "5.71.0",
      "resolved": "https://registry.npmjs.org/@tanstack/react-query/-/react-query-5.71.0.tgz",
      "integrity": "sha512-Udhlz9xHwk0iB7eLDchIqvu666NZFxPZZF80KnL8sZy+5J0kMvnJkzQNYRJwF70g8Vc1nn0TSMkPJgvx6+Pn4g==",
      "dependencies": {
        "@tanstack/query-core": "5.71.0"
      },
      "funding": {
        "type": "github",
        "url": "https://github.com/sponsors/tannerlinsley"
      },
      "peerDependencies": {
        "react": "^18 || ^19"
      }
    },
    "node_modules/react": {
      "version": "19.1.0",
      "resolved": "https://registry.npmjs.org/react/-/react-19.1.0.tgz",
      "integrity": "sha512-FS+XFBNvn3GTAWq26joslQgWNoFu08F4kl0J4CgdNKADkdSGXQyTCnKteIAJy96Br6YbpEU1LSzV5dYtjMkMDg==",
      "peer": true,
      "engines": {
        "node": ">=0.10.0"
      }
    }
  }
}
